// !$*UTF8*$!
{
	archiveVersion = 1;
	classes = {
	};
	objectVersion = 46;
	objects = {

/* Begin PBXBuildFile section */
		F5D3947A1C0159D000A4895B /* AppDelegate.swift in Sources */ = {isa = PBXBuildFile; fileRef = F5D394791C0159D000A4895B /* AppDelegate.swift */; };
		F5D3947C1C0159D000A4895B /* ViewController.swift in Sources */ = {isa = PBXBuildFile; fileRef = F5D3947B1C0159D000A4895B /* ViewController.swift */; };
		F5D3947F1C0159D000A4895B /* Main.storyboard in Resources */ = {isa = PBXBuildFile; fileRef = F5D3947D1C0159D000A4895B /* Main.storyboard */; };
		F5D394811C0159D000A4895B /* Assets.xcassets in Resources */ = {isa = PBXBuildFile; fileRef = F5D394801C0159D000A4895B /* Assets.xcassets */; };
		F5D394841C0159D000A4895B /* LaunchScreen.storyboard in Resources */ = {isa = PBXBuildFile; fileRef = F5D394821C0159D000A4895B /* LaunchScreen.storyboard */; };
		F5D3948F1C0159D000A4895B /* RideNShareV4Tests.swift in Sources */ = {isa = PBXBuildFile; fileRef = F5D3948E1C0159D000A4895B /* RideNShareV4Tests.swift */; };
		F5D3949A1C0159D000A4895B /* RideNShareV4UITests.swift in Sources */ = {isa = PBXBuildFile; fileRef = F5D394991C0159D000A4895B /* RideNShareV4UITests.swift */; };
/* End PBXBuildFile section */

/* Begin PBXContainerItemProxy section */
		F5D3948B1C0159D000A4895B /* PBXContainerItemProxy */ = {
			isa = PBXContainerItemProxy;
			containerPortal = F5D3946E1C0159D000A4895B /* Project object */;
			proxyType = 1;
			remoteGlobalIDString = F5D394751C0159D000A4895B;
			remoteInfo = RideNShareV4;
		};
		F5D394961C0159D000A4895B /* PBXContainerItemProxy */ = {
			isa = PBXContainerItemProxy;
			containerPortal = F5D3946E1C0159D000A4895B /* Project object */;
			proxyType = 1;
			remoteGlobalIDString = F5D394751C0159D000A4895B;
			remoteInfo = RideNShareV4;
		};
/* End PBXContainerItemProxy section */

/* Begin PBXFileReference section */
		F5D394761C0159D000A4895B /* RideNShareV4.app */ = {isa = PBXFileReference; explicitFileType = wrapper.application; includeInIndex = 0; path = RideNShareV4.app; sourceTree = BUILT_PRODUCTS_DIR; };
		F5D394791C0159D000A4895B /* AppDelegate.swift */ = {isa = PBXFileReference; lastKnownFileType = sourcecode.swift; path = AppDelegate.swift; sourceTree = "<group>"; };
		F5D3947B1C0159D000A4895B /* ViewController.swift */ = {isa = PBXFileReference; lastKnownFileType = sourcecode.swift; path = ViewController.swift; sourceTree = "<group>"; };
		F5D3947E1C0159D000A4895B /* Base */ = {isa = PBXFileReference; lastKnownFileType = file.storyboard; name = Base; path = Base.lproj/Main.storyboard; sourceTree = "<group>"; };
		F5D394801C0159D000A4895B /* Assets.xcassets */ = {isa = PBXFileReference; lastKnownFileType = folder.assetcatalog; path = Assets.xcassets; sourceTree = "<group>"; };
		F5D394831C0159D000A4895B /* Base */ = {isa = PBXFileReference; lastKnownFileType = file.storyboard; name = Base; path = Base.lproj/LaunchScreen.storyboard; sourceTree = "<group>"; };
		F5D394851C0159D000A4895B /* Info.plist */ = {isa = PBXFileReference; lastKnownFileType = text.plist.xml; path = Info.plist; sourceTree = "<group>"; };
		F5D3948A1C0159D000A4895B /* RideNShareV4Tests.xctest */ = {isa = PBXFileReference; explicitFileType = wrapper.cfbundle; includeInIndex = 0; path = RideNShareV4Tests.xctest; sourceTree = BUILT_PRODUCTS_DIR; };
		F5D3948E1C0159D000A4895B /* RideNShareV4Tests.swift */ = {isa = PBXFileReference; lastKnownFileType = sourcecode.swift; path = RideNShareV4Tests.swift; sourceTree = "<group>"; };
		F5D394901C0159D000A4895B /* Info.plist */ = {isa = PBXFileReference; lastKnownFileType = text.plist.xml; path = Info.plist; sourceTree = "<group>"; };
		F5D394951C0159D000A4895B /* RideNShareV4UITests.xctest */ = {isa = PBXFileReference; explicitFileType = wrapper.cfbundle; includeInIndex = 0; path = RideNShareV4UITests.xctest; sourceTree = BUILT_PRODUCTS_DIR; };
		F5D394991C0159D000A4895B /* RideNShareV4UITests.swift */ = {isa = PBXFileReference; lastKnownFileType = sourcecode.swift; path = RideNShareV4UITests.swift; sourceTree = "<group>"; };
		F5D3949B1C0159D000A4895B /* Info.plist */ = {isa = PBXFileReference; lastKnownFileType = text.plist.xml; path = Info.plist; sourceTree = "<group>"; };
/* End PBXFileReference section */

/* Begin PBXFrameworksBuildPhase section */
		F5D394731C0159D000A4895B /* Frameworks */ = {
			isa = PBXFrameworksBuildPhase;
			buildActionMask = 2147483647;
			files = (
			);
			runOnlyForDeploymentPostprocessing = 0;
		};
		F5D394871C0159D000A4895B /* Frameworks */ = {
			isa = PBXFrameworksBuildPhase;
			buildActionMask = 2147483647;
			files = (
			);
			runOnlyForDeploymentPostprocessing = 0;
		};
		F5D394921C0159D000A4895B /* Frameworks */ = {
			isa = PBXFrameworksBuildPhase;
			buildActionMask = 2147483647;
			files = (
			);
			runOnlyForDeploymentPostprocessing = 0;
		};
/* End PBXFrameworksBuildPhase section */

/* Begin PBXGroup section */
		F5D3946D1C0159D000A4895B = {
			isa = PBXGroup;
			children = (
				F5D394781C0159D000A4895B /* RideNShareV4 */,
				F5D3948D1C0159D000A4895B /* RideNShareV4Tests */,
				F5D394981C0159D000A4895B /* RideNShareV4UITests */,
				F5D394771C0159D000A4895B /* Products */,
			);
			sourceTree = "<group>";
		};
		F5D394771C0159D000A4895B /* Products */ = {
			isa = PBXGroup;
			children = (
				F5D394761C0159D000A4895B /* RideNShareV4.app */,
				F5D3948A1C0159D000A4895B /* RideNShareV4Tests.xctest */,
				F5D394951C0159D000A4895B /* RideNShareV4UITests.xctest */,
			);
			name = Products;
			sourceTree = "<group>";
		};
		F5D394781C0159D000A4895B /* RideNShareV4 */ = {
			isa = PBXGroup;
			children = (
				F5D394791C0159D000A4895B /* AppDelegate.swift */,
				F5D3947B1C0159D000A4895B /* ViewController.swift */,
				F5D3947D1C0159D000A4895B /* Main.storyboard */,
				F5D394801C0159D000A4895B /* Assets.xcassets */,
				F5D394821C0159D000A4895B /* LaunchScreen.storyboard */,
				F5D394851C0159D000A4895B /* Info.plist */,
			);
			path = RideNShareV4;
			sourceTree = "<group>";
		};
		F5D3948D1C0159D000A4895B /* RideNShareV4Tests */ = {
			isa = PBXGroup;
			children = (
				F5D3948E1C0159D000A4895B /* RideNShareV4Tests.swift */,
				F5D394901C0159D000A4895B /* Info.plist */,
			);
			path = RideNShareV4Tests;
			sourceTree = "<group>";
		};
		F5D394981C0159D000A4895B /* RideNShareV4UITests */ = {
			isa = PBXGroup;
			children = (
				F5D394991C0159D000A4895B /* RideNShareV4UITests.swift */,
				F5D3949B1C0159D000A4895B /* Info.plist */,
			);
			path = RideNShareV4UITests;
			sourceTree = "<group>";
		};
/* End PBXGroup section */

/* Begin PBXNativeTarget section */
		F5D394751C0159D000A4895B /* RideNShareV4 */ = {
			isa = PBXNativeTarget;
			buildConfigurationList = F5D3949E1C0159D000A4895B /* Build configuration list for PBXNativeTarget "RideNShareV4" */;
			buildPhases = (
				F5D394721C0159D000A4895B /* Sources */,
				F5D394731C0159D000A4895B /* Frameworks */,
				F5D394741C0159D000A4895B /* Resources */,
			);
			buildRules = (
			);
			dependencies = (
			);
			name = RideNShareV4;
			productName = RideNShareV4;
			productReference = F5D394761C0159D000A4895B /* RideNShareV4.app */;
			productType = "com.apple.product-type.application";
		};
		F5D394891C0159D000A4895B /* RideNShareV4Tests */ = {
			isa = PBXNativeTarget;
			buildConfigurationList = F5D394A11C0159D000A4895B /* Build configuration list for PBXNativeTarget "RideNShareV4Tests" */;
			buildPhases = (
				F5D394861C0159D000A4895B /* Sources */,
				F5D394871C0159D000A4895B /* Frameworks */,
				F5D394881C0159D000A4895B /* Resources */,
			);
			buildRules = (
			);
			dependencies = (
				F5D3948C1C0159D000A4895B /* PBXTargetDependency */,
			);
			name = RideNShareV4Tests;
			productName = RideNShareV4Tests;
			productReference = F5D3948A1C0159D000A4895B /* RideNShareV4Tests.xctest */;
			productType = "com.apple.product-type.bundle.unit-test";
		};
		F5D394941C0159D000A4895B /* RideNShareV4UITests */ = {
			isa = PBXNativeTarget;
			buildConfigurationList = F5D394A41C0159D000A4895B /* Build configuration list for PBXNativeTarget "RideNShareV4UITests" */;
			buildPhases = (
				F5D394911C0159D000A4895B /* Sources */,
				F5D394921C0159D000A4895B /* Frameworks */,
				F5D394931C0159D000A4895B /* Resources */,
			);
			buildRules = (
			);
			dependencies = (
				F5D394971C0159D000A4895B /* PBXTargetDependency */,
			);
			name = RideNShareV4UITests;
			productName = RideNShareV4UITests;
			productReference = F5D394951C0159D000A4895B /* RideNShareV4UITests.xctest */;
			productType = "com.apple.product-type.bundle.ui-testing";
		};
/* End PBXNativeTarget section */

/* Begin PBXProject section */
		F5D3946E1C0159D000A4895B /* Project object */ = {
			isa = PBXProject;
			attributes = {
				LastUpgradeCheck = 0700;
				ORGANIZATIONNAME = uics4;
				TargetAttributes = {
					F5D394751C0159D000A4895B = {
						CreatedOnToolsVersion = 7.0;
						DevelopmentTeam = 24NT669629;
					};
					F5D394891C0159D000A4895B = {
						CreatedOnToolsVersion = 7.0;
						DevelopmentTeam = 24NT669629;
						TestTargetID = F5D394751C0159D000A4895B;
					};
					F5D394941C0159D000A4895B = {
						CreatedOnToolsVersion = 7.0;
						DevelopmentTeam = 24NT669629;
						TestTargetID = F5D394751C0159D000A4895B;
					};
				};
			};
			buildConfigurationList = F5D394711C0159D000A4895B /* Build configuration list for PBXProject "RideNShareV4" */;
			compatibilityVersion = "Xcode 3.2";
			developmentRegion = English;
			hasScannedForEncodings = 0;
			knownRegions = (
				en,
				Base,
			);
			mainGroup = F5D3946D1C0159D000A4895B;
			productRefGroup = F5D394771C0159D000A4895B /* Products */;
			projectDirPath = "";
			projectRoot = "";
			targets = (
				F5D394751C0159D000A4895B /* RideNShareV4 */,
				F5D394891C0159D000A4895B /* RideNShareV4Tests */,
				F5D394941C0159D000A4895B /* RideNShareV4UITests */,
			);
		};
/* End PBXProject section */

/* Begin PBXResourcesBuildPhase section */
		F5D394741C0159D000A4895B /* Resources */ = {
			isa = PBXResourcesBuildPhase;
			buildActionMask = 2147483647;
			files = (
				F5D394841C0159D000A4895B /* LaunchScreen.storyboard in Resources */,
				F5D394811C0159D000A4895B /* Assets.xcassets in Resources */,
				F5D3947F1C0159D000A4895B /* Main.storyboard in Resources */,
			);
			runOnlyForDeploymentPostprocessing = 0;
		};
		F5D394881C0159D000A4895B /* Resources */ = {
			isa = PBXResourcesBuildPhase;
			buildActionMask = 2147483647;
			files = (
			);
			runOnlyForDeploymentPostprocessing = 0;
		};
		F5D394931C0159D000A4895B /* Resources */ = {
			isa = PBXResourcesBuildPhase;
			buildActionMask = 2147483647;
			files = (
			);
			runOnlyForDeploymentPostprocessing = 0;
		};
/* End PBXResourcesBuildPhase section */

/* Begin PBXSourcesBuildPhase section */
		F5D394721C0159D000A4895B /* Sources */ = {
			isa = PBXSourcesBuildPhase;
			buildActionMask = 2147483647;
			files = (
				F5D3947C1C0159D000A4895B /* ViewController.swift in Sources */,
				F5D3947A1C0159D000A4895B /* AppDelegate.swift in Sources */,
			);
			runOnlyForDeploymentPostprocessing = 0;
		};
		F5D394861C0159D000A4895B /* Sources */ = {
			isa = PBXSourcesBuildPhase;
			buildActionMask = 2147483647;
			files = (
				F5D3948F1C0159D000A4895B /* RideNShareV4Tests.swift in Sources */,
			);
			runOnlyForDeploymentPostprocessing = 0;
		};
		F5D394911C0159D000A4895B /* Sources */ = {
			isa = PBXSourcesBuildPhase;
			buildActionMask = 2147483647;
			files = (
				F5D3949A1C0159D000A4895B /* RideNShareV4UITests.swift in Sources */,
			);
			runOnlyForDeploymentPostprocessing = 0;
		};
/* End PBXSourcesBuildPhase section */

/* Begin PBXTargetDependency section */
		F5D3948C1C0159D000A4895B /* PBXTargetDependency */ = {
			isa = PBXTargetDependency;
			target = F5D394751C0159D000A4895B /* RideNShareV4 */;
			targetProxy = F5D3948B1C0159D000A4895B /* PBXContainerItemProxy */;
		};
		F5D394971C0159D000A4895B /* PBXTargetDependency */ = {
			isa = PBXTargetDependency;
			target = F5D394751C0159D000A4895B /* RideNShareV4 */;
			targetProxy = F5D394961C0159D000A4895B /* PBXContainerItemProxy */;
		};
/* End PBXTargetDependency section */

/* Begin PBXVariantGroup section */
		F5D3947D1C0159D000A4895B /* Main.storyboard */ = {
			isa = PBXVariantGroup;
			children = (
				F5D3947E1C0159D000A4895B /* Base */,
			);
			name = Main.storyboard;
			sourceTree = "<group>";
		};
		F5D394821C0159D000A4895B /* LaunchScreen.storyboard */ = {
			isa = PBXVariantGroup;
			children = (
				F5D394831C0159D000A4895B /* Base */,
			);
			name = LaunchScreen.storyboard;
			sourceTree = "<group>";
		};
/* End PBXVariantGroup section */

/* Begin XCBuildConfiguration section */
		F5D3949C1C0159D000A4895B /* Debug */ = {
			isa = XCBuildConfiguration;
			buildSettings = {
				ALWAYS_SEARCH_USER_PATHS = NO;
				CLANG_CXX_LANGUAGE_STANDARD = "gnu++0x";
				CLANG_CXX_LIBRARY = "libc++";
				CLANG_ENABLE_MODULES = YES;
				CLANG_ENABLE_OBJC_ARC = YES;
				CLANG_WARN_BOOL_CONVERSION = YES;
				CLANG_WARN_CONSTANT_CONVERSION = YES;
				CLANG_WARN_DIRECT_OBJC_ISA_USAGE = YES_ERROR;
				CLANG_WARN_EMPTY_BODY = YES;
				CLANG_WARN_ENUM_CONVERSION = YES;
				CLANG_WARN_INT_CONVERSION = YES;
				CLANG_WARN_OBJC_ROOT_CLASS = YES_ERROR;
				CLANG_WARN_UNREACHABLE_CODE = YES;
				CLANG_WARN__DUPLICATE_METHOD_MATCH = YES;
				"CODE_SIGN_IDENTITY[sdk=iphoneos*]" = "iPhone Developer";
				COPY_PHASE_STRIP = NO;
				DEBUG_INFORMATION_FORMAT = dwarf;
				ENABLE_STRICT_OBJC_MSGSEND = YES;
				ENABLE_TESTABILITY = YES;
				GCC_C_LANGUAGE_STANDARD = gnu99;
				GCC_DYNAMIC_NO_PIC = NO;
				GCC_NO_COMMON_BLOCKS = YES;
				GCC_OPTIMIZATION_LEVEL = 0;
				GCC_PREPROCESSOR_DEFINITIONS = (
					"DEBUG=1",
					"$(inherited)",
				);
				GCC_WARN_64_TO_32_BIT_CONVERSION = YES;
				GCC_WARN_ABOUT_RETURN_TYPE = YES_ERROR;
				GCC_WARN_UNDECLARED_SELECTOR = YES;
				GCC_WARN_UNINITIALIZED_AUTOS = YES_AGGRESSIVE;
				GCC_WARN_UNUSED_FUNCTION = YES;
				GCC_WARN_UNUSED_VARIABLE = YES;
				IPHONEOS_DEPLOYMENT_TARGET = 9.0;
				MTL_ENABLE_DEBUG_INFO = YES;
				ONLY_ACTIVE_ARCH = YES;
				SDKROOT = iphoneos;
				SWIFT_OPTIMIZATION_LEVEL = "-Onone";
			};
			name = Debug;
		};
		F5D3949D1C0159D000A4895B /* Release */ = {
			isa = XCBuildConfiguration;
			buildSettings = {
				ALWAYS_SEARCH_USER_PATHS = NO;
				CLANG_CXX_LANGUAGE_STANDARD = "gnu++0x";
				CLANG_CXX_LIBRARY = "libc++";
				CLANG_ENABLE_MODULES = YES;
				CLANG_ENABLE_OBJC_ARC = YES;
				CLANG_WARN_BOOL_CONVERSION = YES;
				CLANG_WARN_CONSTANT_CONVERSION = YES;
				CLANG_WARN_DIRECT_OBJC_ISA_USAGE = YES_ERROR;
				CLANG_WARN_EMPTY_BODY = YES;
				CLANG_WARN_ENUM_CONVERSION = YES;
				CLANG_WARN_INT_CONVERSION = YES;
				CLANG_WARN_OBJC_ROOT_CLASS = YES_ERROR;
				CLANG_WARN_UNREACHABLE_CODE = YES;
				CLANG_WARN__DUPLICATE_METHOD_MATCH = YES;
				"CODE_SIGN_IDENTITY[sdk=iphoneos*]" = "iPhone Developer";
				COPY_PHASE_STRIP = NO;
				DEBUG_INFORMATION_FORMAT = "dwarf-with-dsym";
				ENABLE_NS_ASSERTIONS = NO;
				ENABLE_STRICT_OBJC_MSGSEND = YES;
				GCC_C_LANGUAGE_STANDARD = gnu99;
				GCC_NO_COMMON_BLOCKS = YES;
				GCC_WARN_64_TO_32_BIT_CONVERSION = YES;
				GCC_WARN_ABOUT_RETURN_TYPE = YES_ERROR;
				GCC_WARN_UNDECLARED_SELECTOR = YES;
				GCC_WARN_UNINITIALIZED_AUTOS = YES_AGGRESSIVE;
				GCC_WARN_UNUSED_FUNCTION = YES;
				GCC_WARN_UNUSED_VARIABLE = YES;
				IPHONEOS_DEPLOYMENT_TARGET = 9.0;
				MTL_ENABLE_DEBUG_INFO = NO;
				SDKROOT = iphoneos;
				VALIDATE_PRODUCT = YES;
			};
			name = Release;
		};
		F5D3949F1C0159D000A4895B /* Debug */ = {
			isa = XCBuildConfiguration;
			buildSettings = {
				ASSETCATALOG_COMPILER_APPICON_NAME = AppIcon;
				INFOPLIST_FILE = RideNShareV4/Info.plist;
				LD_RUNPATH_SEARCH_PATHS = "$(inherited) @executable_path/Frameworks";
				PRODUCT_BUNDLE_IDENTIFIER = uiowa.edu.RideNShareV4;
				PRODUCT_NAME = "$(TARGET_NAME)";
			};
			name = Debug;
		};
		F5D394A01C0159D000A4895B /* Release */ = {
			isa = XCBuildConfiguration;
			buildSettings = {
				ASSETCATALOG_COMPILER_APPICON_NAME = AppIcon;
				INFOPLIST_FILE = RideNShareV4/Info.plist;
				LD_RUNPATH_SEARCH_PATHS = "$(inherited) @executable_path/Frameworks";
				PRODUCT_BUNDLE_IDENTIFIER = uiowa.edu.RideNShareV4;
				PRODUCT_NAME = "$(TARGET_NAME)";
			};
			name = Release;
		};
		F5D394A21C0159D000A4895B /* Debug */ = {
			isa = XCBuildConfiguration;
			buildSettings = {
				BUNDLE_LOADER = "$(TEST_HOST)";
				INFOPLIST_FILE = RideNShareV4Tests/Info.plist;
				LD_RUNPATH_SEARCH_PATHS = "$(inherited) @executable_path/Frameworks @loader_path/Frameworks";
				PRODUCT_BUNDLE_IDENTIFIER = uiowa.edu.RideNShareV4Tests;
				PRODUCT_NAME = "$(TARGET_NAME)";
				TEST_HOST = "$(BUILT_PRODUCTS_DIR)/RideNShareV4.app/RideNShareV4";
			};
			name = Debug;
		};
		F5D394A31C0159D000A4895B /* Release */ = {
			isa = XCBuildConfiguration;
			buildSettings = {
				BUNDLE_LOADER = "$(TEST_HOST)";
				INFOPLIST_FILE = RideNShareV4Tests/Info.plist;
				LD_RUNPATH_SEARCH_PATHS = "$(inherited) @executable_path/Frameworks @loader_path/Frameworks";
				PRODUCT_BUNDLE_IDENTIFIER = uiowa.edu.RideNShareV4Tests;
				PRODUCT_NAME = "$(TARGET_NAME)";
				TEST_HOST = "$(BUILT_PRODUCTS_DIR)/RideNShareV4.app/RideNShareV4";
			};
			name = Release;
		};
		F5D394A51C0159D000A4895B /* Debug */ = {
			isa = XCBuildConfiguration;
			buildSettings = {
				INFOPLIST_FILE = RideNShareV4UITests/Info.plist;
				LD_RUNPATH_SEARCH_PATHS = "$(inherited) @executable_path/Frameworks @loader_path/Frameworks";
				PRODUCT_BUNDLE_IDENTIFIER = uiowa.edu.RideNShareV4UITests;
				PRODUCT_NAME = "$(TARGET_NAME)";
				TEST_TARGET_NAME = RideNShareV4;
				USES_XCTRUNNER = YES;
			};
			name = Debug;
		};
		F5D394A61C0159D000A4895B /* Release */ = {
			isa = XCBuildConfiguration;
			buildSettings = {
				INFOPLIST_FILE = RideNShareV4UITests/Info.plist;
				LD_RUNPATH_SEARCH_PATHS = "$(inherited) @executable_path/Frameworks @loader_path/Frameworks";
				PRODUCT_BUNDLE_IDENTIFIER = uiowa.edu.RideNShareV4UITests;
				PRODUCT_NAME = "$(TARGET_NAME)";
				TEST_TARGET_NAME = RideNShareV4;
				USES_XCTRUNNER = YES;
			};
			name = Release;
		};
/* End XCBuildConfiguration section */

/* Begin XCConfigurationList section */
		F5D394711C0159D000A4895B /* Build configuration list for PBXProject "RideNShareV4" */ = {
			isa = XCConfigurationList;
			buildConfigurations = (
				F5D3949C1C0159D000A4895B /* Debug */,
				F5D3949D1C0159D000A4895B /* Release */,
			);
			defaultConfigurationIsVisible = 0;
			defaultConfigurationName = Release;
		};
		F5D3949E1C0159D000A4895B /* Build configuration list for PBXNativeTarget "RideNShareV4" */ = {
			isa = XCConfigurationList;
			buildConfigurations = (
				F5D3949F1C0159D000A4895B /* Debug */,
				F5D394A01C0159D000A4895B /* Release */,
			);
			defaultConfigurationIsVisible = 0;
		};
		F5D394A11C0159D000A4895B /* Build configuration list for PBXNativeTarget "RideNShareV4Tests" */ = {
			isa = XCConfigurationList;
			buildConfigurations = (
				F5D394A21C0159D000A4895B /* Debug */,
				F5D394A31C0159D000A4895B /* Release */,
			);
			defaultConfigurationIsVisible = 0;
		};
		F5D394A41C0159D000A4895B /* Build configuration list for PBXNativeTarget "RideNShareV4UITests" */ = {
			isa = XCConfigurationList;
			buildConfigurations = (
				F5D394A51C0159D000A4895B /* Debug */,
				F5D394A61C0159D000A4895B /* Release */,
			);
			defaultConfigurationIsVisible = 0;
		};
/* End XCConfigurationList section */
	};
	rootObject = F5D3946E1C0159D000A4895B /* Project object */;
}
